
Microsoft Visual Studio Solution File, Format Version 12.00
# Visual Studio Version 16
VisualStudioVersion = 16.0.31515.178
MinimumVisualStudioVersion = 10.0.40219.1
Project("{9A19103F-16F7-4668-BE54-9A1E7A4F7556}") = "App", "src\App\App.csproj", "{1A06A045-CCA3-494A-88DF-556591890820}"
EndProject
Project("{9A19103F-16F7-4668-BE54-9A1E7A4F7556}") = "Dominio", "src\Dominio\Dominio.csproj", "{98C5A52F-2D59-4822-BB50-8B9F2B1F9342}"
EndProject
Global
	GlobalSection(SolutionConfigurationPlatforms) = preSolution
		Debug|Any CPU = Debug|Any CPU
		Release|Any CPU = Release|Any CPU
	EndGlobalSection
	GlobalSection(ProjectConfigurationPlatforms) = postSolution
		{1A06A045-CCA3-494A-88DF-556591890820}.Debug|Any CPU.ActiveCfg = Debug|Any CPU
		{1A06A045-CCA3-494A-88DF-556591890820}.Debug|Any CPU.Build.0 = Debug|Any CPU
		{1A06A045-CCA3-494A-88DF-556591890820}.Release|Any CPU.ActiveCfg = Release|Any CPU
		{1A06A045-CCA3-494A-88DF-556591890820}.Release|Any CPU.Build.0 = Release|Any CPU
		{98C5A52F-2D59-4822-BB50-8B9F2B1F9342}.Debug|Any CPU.ActiveCfg = Debug|Any CPU
		{98C5A52F-2D59-4822-BB50-8B9F2B1F9342}.Debug|Any CPU.Build.0 = Debug|Any CPU
		{98C5A52F-2D59-4822-BB50-8B9F2B1F9342}.Release|Any CPU.ActiveCfg = Release|Any CPU
		{98C5A52F-2D59-4822-BB50-8B9F2B1F9342}.Release|Any CPU.Build.0 = Release|Any CPU
	EndGlobalSection
	GlobalSection(SolutionProperties) = preSolution
		HideSolutionNode = FALSE
	EndGlobalSection
	GlobalSection(ExtensibilityGlobals) = postSolution
		SolutionGuid = {0C9E0ABB-437C-4349-9149-6E4FAA13EBA2}
	EndGlobalSection
EndGlobal
